// !$*UTF8*$!
{
	archiveVersion = 1;
	classes = {
	};
	objectVersion = 50;
	objects = {

/* Begin PBXBuildFile section */
		F4B05F982318D7280034E046 /* AppDelegate.swift in Sources */ = {isa = PBXBuildFile; fileRef = F4B05F972318D7280034E046 /* AppDelegate.swift */; };
		F4B05F9A2318D7280034E046 /* ViewController.swift in Sources */ = {isa = PBXBuildFile; fileRef = F4B05F992318D7280034E046 /* ViewController.swift */; };
		F4B05F9D2318D7280034E046 /* Main.storyboard in Resources */ = {isa = PBXBuildFile; fileRef = F4B05F9B2318D7280034E046 /* Main.storyboard */; };
		F4B05FA22318D72A0034E046 /* LaunchScreen.storyboard in Resources */ = {isa = PBXBuildFile; fileRef = F4B05FA02318D72A0034E046 /* LaunchScreen.storyboard */; };
		F4B05FB02318DA820034E046 /* note7.wav in Resources */ = {isa = PBXBuildFile; fileRef = F4B05FA92318DA810034E046 /* note7.wav */; };
		F4B05FB12318DA820034E046 /* note3.wav in Resources */ = {isa = PBXBuildFile; fileRef = F4B05FAA2318DA810034E046 /* note3.wav */; };
		F4B05FB22318DA820034E046 /* note5.wav in Resources */ = {isa = PBXBuildFile; fileRef = F4B05FAB2318DA810034E046 /* note5.wav */; };
		F4B05FB32318DA820034E046 /* note2.wav in Resources */ = {isa = PBXBuildFile; fileRef = F4B05FAC2318DA820034E046 /* note2.wav */; };
		F4B05FB42318DA820034E046 /* note1.wav in Resources */ = {isa = PBXBuildFile; fileRef = F4B05FAD2318DA820034E046 /* note1.wav */; };
		F4B05FB52318DA820034E046 /* note6.wav in Resources */ = {isa = PBXBuildFile; fileRef = F4B05FAE2318DA820034E046 /* note6.wav */; };
		F4B05FB62318DA820034E046 /* note4.wav in Resources */ = {isa = PBXBuildFile; fileRef = F4B05FAF2318DA820034E046 /* note4.wav */; };
		F4B05FB82318DA940034E046 /* Assets.xcassets in Resources */ = {isa = PBXBuildFile; fileRef = F4B05FB72318DA940034E046 /* Assets.xcassets */; };
/* End PBXBuildFile section */

/* Begin PBXFileReference section */
		F4B05F942318D7280034E046 /* playXyloPhone.app */ = {isa = PBXFileReference; explicitFileType = wrapper.application; includeInIndex = 0; path = playXyloPhone.app; sourceTree = BUILT_PRODUCTS_DIR; };
		F4B05F972318D7280034E046 /* AppDelegate.swift */ = {isa = PBXFileReference; lastKnownFileType = sourcecode.swift; path = AppDelegate.swift; sourceTree = "<group>"; };
		F4B05F992318D7280034E046 /* ViewController.swift */ = {isa = PBXFileReference; lastKnownFileType = sourcecode.swift; path = ViewController.swift; sourceTree = "<group>"; };
		F4B05F9C2318D7280034E046 /* Base */ = {isa = PBXFileReference; lastKnownFileType = file.storyboard; name = Base; path = Base.lproj/Main.storyboard; sourceTree = "<group>"; };
		F4B05FA12318D72A0034E046 /* Base */ = {isa = PBXFileReference; lastKnownFileType = file.storyboard; name = Base; path = Base.lproj/LaunchScreen.storyboard; sourceTree = "<group>"; };
		F4B05FA32318D72A0034E046 /* Info.plist */ = {isa = PBXFileReference; lastKnownFileType = text.plist.xml; path = Info.plist; sourceTree = "<group>"; };
		F4B05FA92318DA810034E046 /* note7.wav */ = {isa = PBXFileReference; lastKnownFileType = audio.wav; path = note7.wav; sourceTree = "<group>"; };
		F4B05FAA2318DA810034E046 /* note3.wav */ = {isa = PBXFileReference; lastKnownFileType = audio.wav; path = note3.wav; sourceTree = "<group>"; };
		F4B05FAB2318DA810034E046 /* note5.wav */ = {isa = PBXFileReference; lastKnownFileType = audio.wav; path = note5.wav; sourceTree = "<group>"; };
		F4B05FAC2318DA820034E046 /* note2.wav */ = {isa = PBXFileReference; lastKnownFileType = audio.wav; path = note2.wav; sourceTree = "<group>"; };
		F4B05FAD2318DA820034E046 /* note1.wav */ = {isa = PBXFileReference; lastKnownFileType = audio.wav; path = note1.wav; sourceTree = "<group>"; };
		F4B05FAE2318DA820034E046 /* note6.wav */ = {isa = PBXFileReference; lastKnownFileType = audio.wav; path = note6.wav; sourceTree = "<group>"; };
		F4B05FAF2318DA820034E046 /* note4.wav */ = {isa = PBXFileReference; lastKnownFileType = audio.wav; path = note4.wav; sourceTree = "<group>"; };
		F4B05FB72318DA940034E046 /* Assets.xcassets */ = {isa = PBXFileReference; lastKnownFileType = folder.assetcatalog; path = Assets.xcassets; sourceTree = "<group>"; };
/* End PBXFileReference section */

/* Begin PBXFrameworksBuildPhase section */
		F4B05F912318D7280034E046 /* Frameworks */ = {
			isa = PBXFrameworksBuildPhase;
			buildActionMask = 2147483647;
			files = (
			);
			runOnlyForDeploymentPostprocessing = 0;
		};
/* End PBXFrameworksBuildPhase section */

/* Begin PBXGroup section */
		F4B05F8B2318D7280034E046 = {
			isa = PBXGroup;
			children = (
				F4B05F962318D7280034E046 /* playXyloPhone */,
				F4B05F952318D7280034E046 /* Products */,
			);
			sourceTree = "<group>";
		};
		F4B05F952318D7280034E046 /* Products */ = {
			isa = PBXGroup;
			children = (
				F4B05F942318D7280034E046 /* playXyloPhone.app */,
			);
			name = Products;
			sourceTree = "<group>";
		};
		F4B05F962318D7280034E046 /* playXyloPhone */ = {
			isa = PBXGroup;
			children = (
				F4B05FB72318DA940034E046 /* Assets.xcassets */,
				F4B05FAD2318DA820034E046 /* note1.wav */,
				F4B05FAC2318DA820034E046 /* note2.wav */,
				F4B05FAA2318DA810034E046 /* note3.wav */,
				F4B05FAF2318DA820034E046 /* note4.wav */,
				F4B05FAB2318DA810034E046 /* note5.wav */,
				F4B05FAE2318DA820034E046 /* note6.wav */,
				F4B05FA92318DA810034E046 /* note7.wav */,
				F4B05F972318D7280034E046 /* AppDelegate.swift */,
				F4B05F992318D7280034E046 /* ViewController.swift */,
				F4B05F9B2318D7280034E046 /* Main.storyboard */,
				F4B05FA02318D72A0034E046 /* LaunchScreen.storyboard */,
				F4B05FA32318D72A0034E046 /* Info.plist */,
			);
			path = playXyloPhone;
			sourceTree = "<group>";
		};
/* End PBXGroup section */

/* Begin PBXNativeTarget section */
		F4B05F932318D7280034E046 /* playXyloPhone */ = {
			isa = PBXNativeTarget;
			buildConfigurationList = F4B05FA62318D72A0034E046 /* Build configuration list for PBXNativeTarget "playXyloPhone" */;
			buildPhases = (
				F4B05F902318D7280034E046 /* Sources */,
				F4B05F912318D7280034E046 /* Frameworks */,
				F4B05F922318D7280034E046 /* Resources */,
			);
			buildRules = (
			);
			dependencies = (
			);
			name = playXyloPhone;
			productName = playXyloPhone;
			productReference = F4B05F942318D7280034E046 /* playXyloPhone.app */;
			productType = "com.apple.product-type.application";
		};
/* End PBXNativeTarget section */

/* Begin PBXProject section */
		F4B05F8C2318D7280034E046 /* Project object */ = {
			isa = PBXProject;
			attributes = {
				LastSwiftUpdateCheck = 1030;
				LastUpgradeCheck = 1030;
				ORGANIZATIONNAME = "Vivek Dosaya";
				TargetAttributes = {
					F4B05F932318D7280034E046 = {
						CreatedOnToolsVersion = 10.3;
					};
				};
			};
			buildConfigurationList = F4B05F8F2318D7280034E046 /* Build configuration list for PBXProject "playXyloPhone" */;
			compatibilityVersion = "Xcode 9.3";
			developmentRegion = en;
			hasScannedForEncodings = 0;
			knownRegions = (
				en,
				Base,
			);
			mainGroup = F4B05F8B2318D7280034E046;
			productRefGroup = F4B05F952318D7280034E046 /* Products */;
			projectDirPath = "";
			projectRoot = "";
			targets = (
				F4B05F932318D7280034E046 /* playXyloPhone */,
			);
		};
/* End PBXProject section */

/* Begin PBXResourcesBuildPhase section */
		F4B05F922318D7280034E046 /* Resources */ = {
			isa = PBXResourcesBuildPhase;
			buildActionMask = 2147483647;
			files = (
				F4B05FB52318DA820034E046 /* note6.wav in Resources */,
				F4B05FB22318DA820034E046 /* note5.wav in Resources */,
				F4B05FB32318DA820034E046 /* note2.wav in Resources */,
				F4B05FA22318D72A0034E046 /* LaunchScreen.storyboard in Resources */,
				F4B05FB82318DA940034E046 /* Assets.xcassets in Resources */,
				F4B05FB42318DA820034E046 /* note1.wav in Resources */,
				F4B05FB02318DA820034E046 /* note7.wav in Resources */,
				F4B05FB62318DA820034E046 /* note4.wav in Resources */,
				F4B05F9D2318D7280034E046 /* Main.storyboard in Resources */,
				F4B05FB12318DA820034E046 /* note3.wav in Resources */,
			);
			runOnlyForDeploymentPostprocessing = 0;
		};
/* End PBXResourcesBuildPhase section */

/* Begin PBXSourcesBuildPhase section */
		F4B05F902318D7280034E046 /* Sources */ = {
			isa = PBXSourcesBuildPhase;
			buildActionMask = 2147483647;
			files = (
				F4B05F9A2318D7280034E046 /* ViewController.swift in Sources */,
				F4B05F982318D7280034E046 /* AppDelegate.swift in Sources */,
			);
			runOnlyForDeploymentPostprocessing = 0;
		};
/* End PBXSourcesBuildPhase section */

/* Begin PBXVariantGroup section */
		F4B05F9B2318D7280034E046 /* Main.storyboard */ = {
			isa = PBXVariantGroup;
			children = (
				F4B05F9C2318D7280034E046 /* Base */,
			);
			name = Main.storyboard;
			sourceTree = "<group>";
		};
		F4B05FA02318D72A0034E046 /* LaunchScreen.storyboard */ = {
			isa = PBXVariantGroup;
			children = (
				F4B05FA12318D72A0034E046 /* Base */,
			);
			name = LaunchScreen.storyboard;
			sourceTree = "<group>";
		};
/* End PBXVariantGroup section */

/* Begin XCBuildConfiguration section */
		F4B05FA42318D72A0034E046 /* Debug */ = {
			isa = XCBuildConfiguration;
			buildSettings = {
				ALWAYS_SEARCH_USER_PATHS = NO;
				CLANG_ANALYZER_NONNULL = YES;
				CLANG_ANALYZER_NUMBER_OBJECT_CONVERSION = YES_AGGRESSIVE;
				CLANG_CXX_LANGUAGE_STANDARD = "gnu++14";
				CLANG_CXX_LIBRARY = "libc++";
				CLANG_ENABLE_MODULES = YES;
				CLANG_ENABLE_OBJC_ARC = YES;
				CLANG_ENABLE_OBJC_WEAK = YES;
				CLANG_WARN_BLOCK_CAPTURE_AUTORELEASING = YES;
				CLANG_WARN_BOOL_CONVERSION = YES;
				CLANG_WARN_COMMA = YES;
				CLANG_WARN_CONSTANT_CONVERSION = YES;
				CLANG_WARN_DEPRECATED_OBJC_IMPLEMENTATIONS = YES;
				CLANG_WARN_DIRECT_OBJC_ISA_USAGE = YES_ERROR;
				CLANG_WARN_DOCUMENTATION_COMMENTS = YES;
				CLANG_WARN_EMPTY_BODY = YES;
				CLANG_WARN_ENUM_CONVERSION = YES;
				CLANG_WARN_INFINITE_RECURSION = YES;
				CLANG_WARN_INT_CONVERSION = YES;
				CLANG_WARN_NON_LITERAL_NULL_CONVERSION = YES;
				CLANG_WARN_OBJC_IMPLICIT_RETAIN_SELF = YES;
				CLANG_WARN_OBJC_LITERAL_CONVERSION = YES;
				CLANG_WARN_OBJC_ROOT_CLASS = YES_ERROR;
				CLANG_WARN_RANGE_LOOP_ANALYSIS = YES;
				CLANG_WARN_STRICT_PROTOTYPES = YES;
				CLANG_WARN_SUSPICIOUS_MOVE = YES;
				CLANG_WARN_UNGUARDED_AVAILABILITY = YES_AGGRESSIVE;
				CLANG_WARN_UNREACHABLE_CODE = YES;
				CLANG_WARN__DUPLICATE_METHOD_MATCH = YES;
				CODE_SIGN_IDENTITY = "iPhone Developer";
				COPY_PHASE_STRIP = NO;
				DEBUG_INFORMATION_FORMAT = dwarf;
				ENABLE_STRICT_OBJC_MSGSEND = YES;
				ENABLE_TESTABILITY = YES;
				GCC_C_LANGUAGE_STANDARD = gnu11;
				GCC_DYNAMIC_NO_PIC = NO;
				GCC_NO_COMMON_BLOCKS = YES;
				GCC_OPTIMIZATION_LEVEL = 0;
				GCC_PREPROCESSOR_DEFINITIONS = (
					"DEBUG=1",
					"$(inherited)",
				);
				GCC_WARN_64_TO_32_BIT_CONVERSION = YES;
				GCC_WARN_ABOUT_RETURN_TYPE = YES_ERROR;
				GCC_WARN_UNDECLARED_SELECTOR = YES;
				GCC_WARN_UNINITIALIZED_AUTOS = YES_AGGRESSIVE;
				GCC_WARN_UNUSED_FUNCTION = YES;
				GCC_WARN_UNUSED_VARIABLE = YES;
				IPHONEOS_DEPLOYMENT_TARGET = 12.4;
				MTL_ENABLE_DEBUG_INFO = INCLUDE_SOURCE;
				MTL_FAST_MATH = YES;
				ONLY_ACTIVE_ARCH = YES;
				SDKROOT = iphoneos;
				SWIFT_ACTIVE_COMPILATION_CONDITIONS = DEBUG;
				SWIFT_OPTIMIZATION_LEVEL = "-Onone";
			};
			name = Debug;
		};
		F4B05FA52318D72A0034E046 /* Release */ = {
			isa = XCBuildConfiguration;
			buildSettings = {
				ALWAYS_SEARCH_USER_PATHS = NO;
				CLANG_ANALYZER_NONNULL = YES;
				CLANG_ANALYZER_NUMBER_OBJECT_CONVERSION = YES_AGGRESSIVE;
				CLANG_CXX_LANGUAGE_STANDARD = "gnu++14";
				CLANG_CXX_LIBRARY = "libc++";
				CLANG_ENABLE_MODULES = YES;
				CLANG_ENABLE_OBJC_ARC = YES;
				CLANG_ENABLE_OBJC_WEAK = YES;
				CLANG_WARN_BLOCK_CAPTURE_AUTORELEASING = YES;
				CLANG_WARN_BOOL_CONVERSION = YES;
				CLANG_WARN_COMMA = YES;
				CLANG_WARN_CONSTANT_CONVERSION = YES;
				CLANG_WARN_DEPRECATED_OBJC_IMPLEMENTATIONS = YES;
				CLANG_WARN_DIRECT_OBJC_ISA_USAGE = YES_ERROR;
				CLANG_WARN_DOCUMENTATION_COMMENTS = YES;
				CLANG_WARN_EMPTY_BODY = YES;
				CLANG_WARN_ENUM_CONVERSION = YES;
				CLANG_WARN_INFINITE_RECURSION = YES;
				CLANG_WARN_INT_CONVERSION = YES;
				CLANG_WARN_NON_LITERAL_NULL_CONVERSION = YES;
				CLANG_WARN_OBJC_IMPLICIT_RETAIN_SELF = YES;
				CLANG_WARN_OBJC_LITERAL_CONVERSION = YES;
				CLANG_WARN_OBJC_ROOT_CLASS = YES_ERROR;
				CLANG_WARN_RANGE_LOOP_ANALYSIS = YES;
				CLANG_WARN_STRICT_PROTOTYPES = YES;
				CLANG_WARN_SUSPICIOUS_MOVE = YES;
				CLANG_WARN_UNGUARDED_AVAILABILITY = YES_AGGRESSIVE;
				CLANG_WARN_UNREACHABLE_CODE = YES;
				CLANG_WARN__DUPLICATE_METHOD_MATCH = YES;
				CODE_SIGN_IDENTITY = "iPhone Developer";
				COPY_PHASE_STRIP = NO;
				DEBUG_INFORMATION_FORMAT = "dwarf-with-dsym";
				ENABLE_NS_ASSERTIONS = NO;
				ENABLE_STRICT_OBJC_MSGSEND = YES;
				GCC_C_LANGUAGE_STANDARD = gnu11;
				GCC_NO_COMMON_BLOCKS = YES;
				GCC_WARN_64_TO_32_BIT_CONVERSION = YES;
				GCC_WARN_ABOUT_RETURN_TYPE = YES_ERROR;
				GCC_WARN_UNDECLARED_SELECTOR = YES;
				GCC_WARN_UNINITIALIZED_AUTOS = YES_AGGRESSIVE;
				GCC_WARN_UNUSED_FUNCTION = YES;
				GCC_WARN_UNUSED_VARIABLE = YES;
				IPHONEOS_DEPLOYMENT_TARGET = 12.4;
				MTL_ENABLE_DEBUG_INFO = NO;
				MTL_FAST_MATH = YES;
				SDKROOT = iphoneos;
				SWIFT_COMPILATION_MODE = wholemodule;
				SWIFT_OPTIMIZATION_LEVEL = "-O";
				VALIDATE_PRODUCT = YES;
			};
			name = Release;
		};
		F4B05FA72318D72A0034E046 /* Debug */ = {
			isa = XCBuildConfiguration;
			buildSettings = {
				ASSETCATALOG_COMPILER_APPICON_NAME = AppIcon;
				CODE_SIGN_STYLE = Automatic;
				INFOPLIST_FILE = playXyloPhone/Info.plist;
				LD_RUNPATH_SEARCH_PATHS = (
					"$(inherited)",
					"@executable_path/Frameworks",
				);
				PRODUCT_BUNDLE_IDENTIFIER = cic.playXyloPhone;
				PRODUCT_NAME = "$(TARGET_NAME)";
				SWIFT_VERSION = 5.0;
				TARGETED_DEVICE_FAMILY = "1,2";
			};
			name = Debug;
		};
		F4B05FA82318D72A0034E046 /* Release */ = {
			isa = XCBuildConfiguration;
			buildSettings = {
				ASSETCATALOG_COMPILER_APPICON_NAME = AppIcon;
				CODE_SIGN_STYLE = Automatic;
				INFOPLIST_FILE = playXyloPhone/Info.plist;
				LD_RUNPATH_SEARCH_PATHS = (
					"$(inherited)",
					"@executable_path/Frameworks",
				);
				PRODUCT_BUNDLE_IDENTIFIER = cic.playXyloPhone;
				PRODUCT_NAME = "$(TARGET_NAME)";
				SWIFT_VERSION = 5.0;
				TARGETED_DEVICE_FAMILY = "1,2";
			};
			name = Release;
		};
/* End XCBuildConfiguration section */

/* Begin XCConfigurationList section */
		F4B05F8F2318D7280034E046 /* Build configuration list for PBXProject "playXyloPhone" */ = {
			isa = XCConfigurationList;
			buildConfigurations = (
				F4B05FA42318D72A0034E046 /* Debug */,
				F4B05FA52318D72A0034E046 /* Release */,
			);
			defaultConfigurationIsVisible = 0;
			defaultConfigurationName = Release;
		};
		F4B05FA62318D72A0034E046 /* Build configuration list for PBXNativeTarget "playXyloPhone" */ = {
			isa = XCConfigurationList;
			buildConfigurations = (
				F4B05FA72318D72A0034E046 /* Debug */,
				F4B05FA82318D72A0034E046 /* Release */,
			);
			defaultConfigurationIsVisible = 0;
			defaultConfigurationName = Release;
		};
/* End XCConfigurationList section */
	};
	rootObject = F4B05F8C2318D7280034E046 /* Project object */;
}
